
Microsoft Visual Studio Solution File, Format Version 11.00
# Visual Studio 2010
Project("{FAE04EC0-301F-11D3-BF4B-00C04F79EFBC}") = "Rhyme of Cosmos", "Assembly-CSharp-firstpass.csproj", "{319DB7A6-AF68-957B-FB60-B785DEFADCA0}"
EndProject
Project("{FAE04EC0-301F-11D3-BF4B-00C04F79EFBC}") = "Rhyme of Cosmos", "Assembly-CSharp.csproj", "{517790CC-659C-95D1-C3F7-94CFCD851124}"
EndProject
Global
	GlobalSection(SolutionConfigurationPlatforms) = preSolution
		Debug|Any CPU = Debug|Any CPU
		Release|Any CPU = Release|Any CPU
	EndGlobalSection
	GlobalSection(ProjectConfigurationPlatforms) = postSolution
		{319DB7A6-AF68-957B-FB60-B785DEFADCA0}.Debug|Any CPU.ActiveCfg = Debug|Any CPU
		{319DB7A6-AF68-957B-FB60-B785DEFADCA0}.Debug|Any CPU.Build.0 = Debug|Any CPU
		{319DB7A6-AF68-957B-FB60-B785DEFADCA0}.Release|Any CPU.ActiveCfg = Release|Any CPU
		{319DB7A6-AF68-957B-FB60-B785DEFADCA0}.Release|Any CPU.Build.0 = Release|Any CPU
		{517790CC-659C-95D1-C3F7-94CFCD851124}.Debug|Any CPU.ActiveCfg = Debug|Any CPU
		{517790CC-659C-95D1-C3F7-94CFCD851124}.Debug|Any CPU.Build.0 = Debug|Any CPU
		{517790CC-659C-95D1-C3F7-94CFCD851124}.Release|Any CPU.ActiveCfg = Release|Any CPU
		{517790CC-659C-95D1-C3F7-94CFCD851124}.Release|Any CPU.Build.0 = Release|Any CPU
	EndGlobalSection
	GlobalSection(SolutionProperties) = preSolution
		HideSolutionNode = FALSE
	EndGlobalSection
	GlobalSection(MonoDevelopProperties) = preSolution
		StartupItem = Assembly-CSharp.csproj
	EndGlobalSection
EndGlobal
